
Microsoft Visual Studio Solution File, Format Version 12.00
# Visual Studio Version 16
VisualStudioVersion = 16.0.31727.386
MinimumVisualStudioVersion = 10.0.40219.1
Project("{9A19103F-16F7-4668-BE54-9A1E7A4F7556}") = "PetStore", "PetStore\PetStore.csproj", "{E37C857A-ECC7-4D80-A6BF-178A3E050FB6}"
EndProject
Project("{9A19103F-16F7-4668-BE54-9A1E7A4F7556}") = "LazyStackAuth", "..\LazyStack\LazyStackAuth\LazyStackAuth.csproj", "{3A4C04E8-F76B-48E6-83A8-DACAAE9241C6}"
EndProject
Project("{9A19103F-16F7-4668-BE54-9A1E7A4F7556}") = "LazyStackDynamoDBRepo", "..\LazyStack\LazyStackDynamoDBRepo\LazyStackDynamoDBRepo.csproj", "{A3F3A110-367B-41B9-8961-BA9CF1E540D0}"
EndProject
Project("{2150E333-8FDC-42A3-9474-1A3956D46DE8}") = "Solution Items", "Solution Items", "{DB15DD59-73AE-42BD-AB20-BFBF726DE648}"
	ProjectSection(SolutionItems) = preProject
		LazyStack.yaml = LazyStack.yaml
		LocalApis.json = LocalApis.json
		PetStore.yaml = PetStore.yaml
		SAM_Review.yaml = SAM_Review.yaml
	EndProjectSection
EndProject
Project("{9A19103F-16F7-4668-BE54-9A1E7A4F7556}") = "PetStoreClientSDK", "PetStoreClientSDK\PetStoreClientSDK.csproj", "{6C277353-A550-46FC-82E6-7F6F761750C8}"
EndProject
Project("{9A19103F-16F7-4668-BE54-9A1E7A4F7556}") = "PetStoreSchema", "PetStoreSchema\PetStoreSchema.csproj", "{F6023496-3F31-418B-B2E8-DDC25D495AFA}"
EndProject
Project("{2150E333-8FDC-42A3-9474-1A3956D46DE8}") = "Lambdas", "Lambdas", "{41F46F08-B410-44F4-8773-349FFF3F15D5}"
EndProject
Project("{9A19103F-16F7-4668-BE54-9A1E7A4F7556}") = "Pet", "Lambdas\Pet\Pet.csproj", "{8D9E1A97-9B4E-42D2-B2C5-E842A35C11B5}"
EndProject
Project("{9A19103F-16F7-4668-BE54-9A1E7A4F7556}") = "Order", "Lambdas\Order\Order.csproj", "{1067E775-8280-4259-9DB7-5B8077BC284C}"
EndProject
Project("{2150E333-8FDC-42A3-9474-1A3956D46DE8}") = "Controllers", "Controllers", "{5AB914D0-1A78-4F2F-B956-7A5116B83FF9}"
EndProject
Project("{9A19103F-16F7-4668-BE54-9A1E7A4F7556}") = "PetController", "Controllers\PetController\PetController.csproj", "{9B6415ED-09AA-4EC7-9F84-B449E2684758}"
EndProject
Project("{9A19103F-16F7-4668-BE54-9A1E7A4F7556}") = "OrderController", "Controllers\OrderController\OrderController.csproj", "{03FED4CA-6954-4C97-AC36-D9FF96292FF6}"
EndProject
Project("{2150E333-8FDC-42A3-9474-1A3956D46DE8}") = "Stacks", "Stacks", "{87A20B3B-8AC6-4794-AD39-649A21D0CE18}"
EndProject
Project("{2150E333-8FDC-42A3-9474-1A3956D46DE8}") = "Dev", "Dev", "{30CB9D1D-596E-430F-ADD7-3468E697F5F5}"
	ProjectSection(SolutionItems) = preProject
		Stacks\Dev\serverless.template = Stacks\Dev\serverless.template
	EndProjectSection
EndProject
Project("{2150E333-8FDC-42A3-9474-1A3956D46DE8}") = "Test", "Test", "{496FF601-3CF8-4AC1-BEA7-3436E9E3AE68}"
	ProjectSection(SolutionItems) = preProject
		Stacks\Test\serverless.template = Stacks\Test\serverless.template
	EndProjectSection
EndProject
Project("{2150E333-8FDC-42A3-9474-1A3956D46DE8}") = "Prod", "Prod", "{F56BE240-816C-47BC-8E7B-DA4A5297CC73}"
	ProjectSection(SolutionItems) = preProject
		Stacks\Prod\serverless.template = Stacks\Prod\serverless.template
	EndProjectSection
EndProject
Project("{9A19103F-16F7-4668-BE54-9A1E7A4F7556}") = "PetStoreRepo", "PetStoreRepo\PetStoreRepo.csproj", "{C0A74947-05EF-4C79-9A6D-5FA398E49DC5}"
EndProject
Project("{9A19103F-16F7-4668-BE54-9A1E7A4F7556}") = "OrderControllerImpl", "Controllers\OrderControllerImpl\OrderControllerImpl.csproj", "{E7F02092-3345-4312-AA2C-98CF6DB3A030}"
EndProject
Project("{9A19103F-16F7-4668-BE54-9A1E7A4F7556}") = "PetControllerImpl", "Controllers\PetControllerImpl\PetControllerImpl.csproj", "{3B315F47-2BF8-49C7-9329-522BA3C44B2B}"
EndProject
Project("{9A19103F-16F7-4668-BE54-9A1E7A4F7556}") = "PetStoreTests", "PetStoreTests\PetStoreTests.csproj", "{8B3C5245-8E2D-4B0D-A624-10FE00945F64}"
EndProject
Project("{9A19103F-16F7-4668-BE54-9A1E7A4F7556}") = "PetStoreConsoleApp", "PetStoreConsoleApp\PetStoreConsoleApp.csproj", "{A9F5B082-6E03-4541-8263-FA825E0339A1}"
EndProject
Project("{9A19103F-16F7-4668-BE54-9A1E7A4F7556}") = "PetStoreClientReact", "PetStoreClientReact\PetStoreClientReact.csproj", "{8E2BC7F1-94DF-41B6-BAC3-7C27AB9B8AB9}"
EndProject
Project("{2150E333-8FDC-42A3-9474-1A3956D46DE8}") = "TypeScriptClientLibs", "TypeScriptClientLibs", "{379EE973-3BB5-45FB-B86B-EC369D2AE3DC}"
	ProjectSection(SolutionItems) = preProject
		TypeScriptClientLibs\LzClientBaseAxios.ts_tpl = TypeScriptClientLibs\LzClientBaseAxios.ts_tpl
		TypeScriptClientLibs\PetStoreAxios.ts_tpl = TypeScriptClientLibs\PetStoreAxios.ts_tpl
	EndProjectSection
EndProject
Global
	GlobalSection(SolutionConfigurationPlatforms) = preSolution
		Debug|Any CPU = Debug|Any CPU
		Release|Any CPU = Release|Any CPU
	EndGlobalSection
	GlobalSection(ProjectConfigurationPlatforms) = postSolution
		{E37C857A-ECC7-4D80-A6BF-178A3E050FB6}.Debug|Any CPU.ActiveCfg = Debug|Any CPU
		{E37C857A-ECC7-4D80-A6BF-178A3E050FB6}.Debug|Any CPU.Build.0 = Debug|Any CPU
		{E37C857A-ECC7-4D80-A6BF-178A3E050FB6}.Release|Any CPU.ActiveCfg = Release|Any CPU
		{E37C857A-ECC7-4D80-A6BF-178A3E050FB6}.Release|Any CPU.Build.0 = Release|Any CPU
		{3A4C04E8-F76B-48E6-83A8-DACAAE9241C6}.Debug|Any CPU.ActiveCfg = Debug|Any CPU
		{3A4C04E8-F76B-48E6-83A8-DACAAE9241C6}.Debug|Any CPU.Build.0 = Debug|Any CPU
		{3A4C04E8-F76B-48E6-83A8-DACAAE9241C6}.Release|Any CPU.ActiveCfg = Release|Any CPU
		{3A4C04E8-F76B-48E6-83A8-DACAAE9241C6}.Release|Any CPU.Build.0 = Release|Any CPU
		{A3F3A110-367B-41B9-8961-BA9CF1E540D0}.Debug|Any CPU.ActiveCfg = Debug|Any CPU
		{A3F3A110-367B-41B9-8961-BA9CF1E540D0}.Debug|Any CPU.Build.0 = Debug|Any CPU
		{A3F3A110-367B-41B9-8961-BA9CF1E540D0}.Release|Any CPU.ActiveCfg = Release|Any CPU
		{A3F3A110-367B-41B9-8961-BA9CF1E540D0}.Release|Any CPU.Build.0 = Release|Any CPU
		{6C277353-A550-46FC-82E6-7F6F761750C8}.Debug|Any CPU.ActiveCfg = Debug|Any CPU
		{6C277353-A550-46FC-82E6-7F6F761750C8}.Debug|Any CPU.Build.0 = Debug|Any CPU
		{6C277353-A550-46FC-82E6-7F6F761750C8}.Release|Any CPU.ActiveCfg = Release|Any CPU
		{6C277353-A550-46FC-82E6-7F6F761750C8}.Release|Any CPU.Build.0 = Release|Any CPU
		{F6023496-3F31-418B-B2E8-DDC25D495AFA}.Debug|Any CPU.ActiveCfg = Debug|Any CPU
		{F6023496-3F31-418B-B2E8-DDC25D495AFA}.Debug|Any CPU.Build.0 = Debug|Any CPU
		{F6023496-3F31-418B-B2E8-DDC25D495AFA}.Release|Any CPU.ActiveCfg = Release|Any CPU
		{F6023496-3F31-418B-B2E8-DDC25D495AFA}.Release|Any CPU.Build.0 = Release|Any CPU
		{8D9E1A97-9B4E-42D2-B2C5-E842A35C11B5}.Debug|Any CPU.ActiveCfg = Debug|Any CPU
		{8D9E1A97-9B4E-42D2-B2C5-E842A35C11B5}.Debug|Any CPU.Build.0 = Debug|Any CPU
		{8D9E1A97-9B4E-42D2-B2C5-E842A35C11B5}.Release|Any CPU.ActiveCfg = Release|Any CPU
		{8D9E1A97-9B4E-42D2-B2C5-E842A35C11B5}.Release|Any CPU.Build.0 = Release|Any CPU
		{1067E775-8280-4259-9DB7-5B8077BC284C}.Debug|Any CPU.ActiveCfg = Debug|Any CPU
		{1067E775-8280-4259-9DB7-5B8077BC284C}.Debug|Any CPU.Build.0 = Debug|Any CPU
		{1067E775-8280-4259-9DB7-5B8077BC284C}.Release|Any CPU.ActiveCfg = Release|Any CPU
		{1067E775-8280-4259-9DB7-5B8077BC284C}.Release|Any CPU.Build.0 = Release|Any CPU
		{9B6415ED-09AA-4EC7-9F84-B449E2684758}.Debug|Any CPU.ActiveCfg = Debug|Any CPU
		{9B6415ED-09AA-4EC7-9F84-B449E2684758}.Debug|Any CPU.Build.0 = Debug|Any CPU
		{9B6415ED-09AA-4EC7-9F84-B449E2684758}.Release|Any CPU.ActiveCfg = Release|Any CPU
		{9B6415ED-09AA-4EC7-9F84-B449E2684758}.Release|Any CPU.Build.0 = Release|Any CPU
		{03FED4CA-6954-4C97-AC36-D9FF96292FF6}.Debug|Any CPU.ActiveCfg = Debug|Any CPU
		{03FED4CA-6954-4C97-AC36-D9FF96292FF6}.Debug|Any CPU.Build.0 = Debug|Any CPU
		{03FED4CA-6954-4C97-AC36-D9FF96292FF6}.Release|Any CPU.ActiveCfg = Release|Any CPU
		{03FED4CA-6954-4C97-AC36-D9FF96292FF6}.Release|Any CPU.Build.0 = Release|Any CPU
		{C0A74947-05EF-4C79-9A6D-5FA398E49DC5}.Debug|Any CPU.ActiveCfg = Debug|Any CPU
		{C0A74947-05EF-4C79-9A6D-5FA398E49DC5}.Debug|Any CPU.Build.0 = Debug|Any CPU
		{C0A74947-05EF-4C79-9A6D-5FA398E49DC5}.Release|Any CPU.ActiveCfg = Release|Any CPU
		{C0A74947-05EF-4C79-9A6D-5FA398E49DC5}.Release|Any CPU.Build.0 = Release|Any CPU
		{E7F02092-3345-4312-AA2C-98CF6DB3A030}.Debug|Any CPU.ActiveCfg = Debug|Any CPU
		{E7F02092-3345-4312-AA2C-98CF6DB3A030}.Debug|Any CPU.Build.0 = Debug|Any CPU
		{E7F02092-3345-4312-AA2C-98CF6DB3A030}.Release|Any CPU.ActiveCfg = Release|Any CPU
		{E7F02092-3345-4312-AA2C-98CF6DB3A030}.Release|Any CPU.Build.0 = Release|Any CPU
		{3B315F47-2BF8-49C7-9329-522BA3C44B2B}.Debug|Any CPU.ActiveCfg = Debug|Any CPU
		{3B315F47-2BF8-49C7-9329-522BA3C44B2B}.Debug|Any CPU.Build.0 = Debug|Any CPU
		{3B315F47-2BF8-49C7-9329-522BA3C44B2B}.Release|Any CPU.ActiveCfg = Release|Any CPU
		{3B315F47-2BF8-49C7-9329-522BA3C44B2B}.Release|Any CPU.Build.0 = Release|Any CPU
		{8B3C5245-8E2D-4B0D-A624-10FE00945F64}.Debug|Any CPU.ActiveCfg = Debug|Any CPU
		{8B3C5245-8E2D-4B0D-A624-10FE00945F64}.Debug|Any CPU.Build.0 = Debug|Any CPU
		{8B3C5245-8E2D-4B0D-A624-10FE00945F64}.Release|Any CPU.ActiveCfg = Release|Any CPU
		{8B3C5245-8E2D-4B0D-A624-10FE00945F64}.Release|Any CPU.Build.0 = Release|Any CPU
		{A9F5B082-6E03-4541-8263-FA825E0339A1}.Debug|Any CPU.ActiveCfg = Debug|Any CPU
		{A9F5B082-6E03-4541-8263-FA825E0339A1}.Debug|Any CPU.Build.0 = Debug|Any CPU
		{A9F5B082-6E03-4541-8263-FA825E0339A1}.Release|Any CPU.ActiveCfg = Release|Any CPU
		{A9F5B082-6E03-4541-8263-FA825E0339A1}.Release|Any CPU.Build.0 = Release|Any CPU
		{8E2BC7F1-94DF-41B6-BAC3-7C27AB9B8AB9}.Debug|Any CPU.ActiveCfg = Debug|Any CPU
		{8E2BC7F1-94DF-41B6-BAC3-7C27AB9B8AB9}.Debug|Any CPU.Build.0 = Debug|Any CPU
		{8E2BC7F1-94DF-41B6-BAC3-7C27AB9B8AB9}.Release|Any CPU.ActiveCfg = Release|Any CPU
		{8E2BC7F1-94DF-41B6-BAC3-7C27AB9B8AB9}.Release|Any CPU.Build.0 = Release|Any CPU
	EndGlobalSection
	GlobalSection(SolutionProperties) = preSolution
		HideSolutionNode = FALSE
	EndGlobalSection
	GlobalSection(NestedProjects) = preSolution
		{8D9E1A97-9B4E-42D2-B2C5-E842A35C11B5} = {41F46F08-B410-44F4-8773-349FFF3F15D5}
		{1067E775-8280-4259-9DB7-5B8077BC284C} = {41F46F08-B410-44F4-8773-349FFF3F15D5}
		{9B6415ED-09AA-4EC7-9F84-B449E2684758} = {5AB914D0-1A78-4F2F-B956-7A5116B83FF9}
		{03FED4CA-6954-4C97-AC36-D9FF96292FF6} = {5AB914D0-1A78-4F2F-B956-7A5116B83FF9}
		{30CB9D1D-596E-430F-ADD7-3468E697F5F5} = {87A20B3B-8AC6-4794-AD39-649A21D0CE18}
		{496FF601-3CF8-4AC1-BEA7-3436E9E3AE68} = {87A20B3B-8AC6-4794-AD39-649A21D0CE18}
		{F56BE240-816C-47BC-8E7B-DA4A5297CC73} = {87A20B3B-8AC6-4794-AD39-649A21D0CE18}
		{E7F02092-3345-4312-AA2C-98CF6DB3A030} = {5AB914D0-1A78-4F2F-B956-7A5116B83FF9}
		{3B315F47-2BF8-49C7-9329-522BA3C44B2B} = {5AB914D0-1A78-4F2F-B956-7A5116B83FF9}
	EndGlobalSection
	GlobalSection(ExtensibilityGlobals) = postSolution
		SolutionGuid = {75300A91-B51F-49D5-B527-9FDC15AA24BF}
	EndGlobalSection
EndGlobal
