
Microsoft Visual Studio Solution File, Format Version 12.00
# Visual Studio Version 17
VisualStudioVersion = 17.3.32728.150
MinimumVisualStudioVersion = 10.0.40219.1
Project("{9A19103F-16F7-4668-BE54-9A1E7A4F7556}") = "PetStore", "PetStore\PetStore.csproj", "{A275661F-337D-4B3B-B75F-685BAC35D635}"
EndProject
Project("{9A19103F-16F7-4668-BE54-9A1E7A4F7556}") = "LazyStackAuth", "..\LazyStack\LazyStackAuth\LazyStackAuth.csproj", "{30489735-6CE1-4B8C-9A45-96604B66F975}"
EndProject
Project("{9A19103F-16F7-4668-BE54-9A1E7A4F7556}") = "LazyStackDynamoDBRepo", "..\LazyStack\LazyStackDynamoDBRepo\LazyStackDynamoDBRepo.csproj", "{4A5FA7C8-B5AA-4C5E-8D47-C0662AA9C4B9}"
EndProject
Project("{2150E333-8FDC-42A3-9474-1A3956D46DE8}") = "Solution Items", "Solution Items", "{F1F9D8D8-CB50-4478-B515-843C10AE23E5}"
	ProjectSection(SolutionItems) = preProject
		LazyStack.yaml = LazyStack.yaml
		LocalApis.json = LocalApis.json
		PetStore.yaml = PetStore.yaml
		SAM_Review.yaml = SAM_Review.yaml
	EndProjectSection
EndProject
Project("{9A19103F-16F7-4668-BE54-9A1E7A4F7556}") = "PetStoreClientSDK", "PetStoreClientSDK\PetStoreClientSDK.csproj", "{6601A172-B289-48CE-B7A6-07449851812C}"
EndProject
Project("{9A19103F-16F7-4668-BE54-9A1E7A4F7556}") = "PetStoreSchema", "PetStoreSchema\PetStoreSchema.csproj", "{29E8AF92-7928-40AB-AF58-3B401E941083}"
EndProject
Project("{2150E333-8FDC-42A3-9474-1A3956D46DE8}") = "Lambdas", "Lambdas", "{C0BD8BE5-4FF2-4146-8ED6-17232B69BDBD}"
EndProject
Project("{9A19103F-16F7-4668-BE54-9A1E7A4F7556}") = "Pet", "Lambdas\Pet\Pet.csproj", "{DC063920-91D1-49AD-B031-8804621615BE}"
EndProject
Project("{9A19103F-16F7-4668-BE54-9A1E7A4F7556}") = "Order", "Lambdas\Order\Order.csproj", "{C957C144-4853-4903-B124-BB590C7FF9EF}"
EndProject
Project("{2150E333-8FDC-42A3-9474-1A3956D46DE8}") = "Controllers", "Controllers", "{F3338AE2-32D4-4BCD-8B53-F446F4178CD3}"
EndProject
Project("{9A19103F-16F7-4668-BE54-9A1E7A4F7556}") = "PetController", "Controllers\PetController\PetController.csproj", "{C0E79667-5848-4BFA-8B69-665BDC64E0FC}"
EndProject
Project("{9A19103F-16F7-4668-BE54-9A1E7A4F7556}") = "OrderController", "Controllers\OrderController\OrderController.csproj", "{4793827A-9159-4311-82DB-BBA31899BA0B}"
EndProject
Project("{2150E333-8FDC-42A3-9474-1A3956D46DE8}") = "Stacks", "Stacks", "{B5C98D7F-38B2-4283-8354-9A7801B7DCCA}"
EndProject
Project("{2150E333-8FDC-42A3-9474-1A3956D46DE8}") = "Dev", "Dev", "{DD071705-69F3-4FCB-98F1-FCDCF06C469F}"
	ProjectSection(SolutionItems) = preProject
		Stacks\Dev\aws-lambda-tools-defaults.json = Stacks\Dev\aws-lambda-tools-defaults.json
		Stacks\Dev\AwsSettings.json = Stacks\Dev\AwsSettings.json
		Stacks\Dev\serverless.template = Stacks\Dev\serverless.template
	EndProjectSection
EndProject
Project("{2150E333-8FDC-42A3-9474-1A3956D46DE8}") = "Test", "Test", "{BAAB46CE-F7CB-4324-91CE-D8C5C68C6B3D}"
	ProjectSection(SolutionItems) = preProject
		Stacks\Test\serverless.template = Stacks\Test\serverless.template
	EndProjectSection
EndProject
Project("{2150E333-8FDC-42A3-9474-1A3956D46DE8}") = "Prod", "Prod", "{2B377F4A-CC06-41DE-8364-8622A467C259}"
	ProjectSection(SolutionItems) = preProject
		Stacks\Prod\serverless.template = Stacks\Prod\serverless.template
	EndProjectSection
EndProject
Project("{2150E333-8FDC-42A3-9474-1A3956D46DE8}") = "TypeScriptClientLibs", "TypeScriptClientLibs", "{281160A7-6D93-4EE5-82B0-2984A6739344}"
EndProject
Project("{FAE04EC0-301F-11D3-BF4B-00C04F79EFBC}") = "PetStoreRepo", "PetStoreRepo\PetStoreRepo.csproj", "{D1310A7A-5E10-46B0-A90F-71846C4621D8}"
EndProject
Project("{FAE04EC0-301F-11D3-BF4B-00C04F79EFBC}") = "OrderControllerImpl", "Controllers\OrderControllerImpl\OrderControllerImpl.csproj", "{5DB85844-CED6-44EA-86F3-CE62BEF6CC72}"
EndProject
Project("{FAE04EC0-301F-11D3-BF4B-00C04F79EFBC}") = "PetControllerImpl", "Controllers\PetControllerImpl\PetControllerImpl.csproj", "{51D36155-229C-482B-85CB-2FBC52E72FB4}"
EndProject
Project("{FAE04EC0-301F-11D3-BF4B-00C04F79EFBC}") = "PetStoreTests", "PetStoreTests\PetStoreTests.csproj", "{36426D3A-4AB4-460E-AA96-5811345CE644}"
EndProject
Project("{FAE04EC0-301F-11D3-BF4B-00C04F79EFBC}") = "PetStoreConsoleApp", "PetStoreConsoleApp\PetStoreConsoleApp.csproj", "{FBF7FAF5-044D-442B-9DD8-976B9C407B71}"
EndProject
Global
	GlobalSection(SolutionConfigurationPlatforms) = preSolution
		Debug|Any CPU = Debug|Any CPU
		Release|Any CPU = Release|Any CPU
	EndGlobalSection
	GlobalSection(ProjectConfigurationPlatforms) = postSolution
		{A275661F-337D-4B3B-B75F-685BAC35D635}.Debug|Any CPU.ActiveCfg = Debug|Any CPU
		{A275661F-337D-4B3B-B75F-685BAC35D635}.Debug|Any CPU.Build.0 = Debug|Any CPU
		{A275661F-337D-4B3B-B75F-685BAC35D635}.Release|Any CPU.ActiveCfg = Release|Any CPU
		{A275661F-337D-4B3B-B75F-685BAC35D635}.Release|Any CPU.Build.0 = Release|Any CPU
		{30489735-6CE1-4B8C-9A45-96604B66F975}.Debug|Any CPU.ActiveCfg = Debug|Any CPU
		{30489735-6CE1-4B8C-9A45-96604B66F975}.Debug|Any CPU.Build.0 = Debug|Any CPU
		{30489735-6CE1-4B8C-9A45-96604B66F975}.Release|Any CPU.ActiveCfg = Release|Any CPU
		{30489735-6CE1-4B8C-9A45-96604B66F975}.Release|Any CPU.Build.0 = Release|Any CPU
		{4A5FA7C8-B5AA-4C5E-8D47-C0662AA9C4B9}.Debug|Any CPU.ActiveCfg = Debug|Any CPU
		{4A5FA7C8-B5AA-4C5E-8D47-C0662AA9C4B9}.Debug|Any CPU.Build.0 = Debug|Any CPU
		{4A5FA7C8-B5AA-4C5E-8D47-C0662AA9C4B9}.Release|Any CPU.ActiveCfg = Release|Any CPU
		{4A5FA7C8-B5AA-4C5E-8D47-C0662AA9C4B9}.Release|Any CPU.Build.0 = Release|Any CPU
		{6601A172-B289-48CE-B7A6-07449851812C}.Debug|Any CPU.ActiveCfg = Debug|Any CPU
		{6601A172-B289-48CE-B7A6-07449851812C}.Debug|Any CPU.Build.0 = Debug|Any CPU
		{6601A172-B289-48CE-B7A6-07449851812C}.Release|Any CPU.ActiveCfg = Release|Any CPU
		{6601A172-B289-48CE-B7A6-07449851812C}.Release|Any CPU.Build.0 = Release|Any CPU
		{29E8AF92-7928-40AB-AF58-3B401E941083}.Debug|Any CPU.ActiveCfg = Debug|Any CPU
		{29E8AF92-7928-40AB-AF58-3B401E941083}.Debug|Any CPU.Build.0 = Debug|Any CPU
		{29E8AF92-7928-40AB-AF58-3B401E941083}.Release|Any CPU.ActiveCfg = Release|Any CPU
		{29E8AF92-7928-40AB-AF58-3B401E941083}.Release|Any CPU.Build.0 = Release|Any CPU
		{DC063920-91D1-49AD-B031-8804621615BE}.Debug|Any CPU.ActiveCfg = Debug|Any CPU
		{DC063920-91D1-49AD-B031-8804621615BE}.Debug|Any CPU.Build.0 = Debug|Any CPU
		{DC063920-91D1-49AD-B031-8804621615BE}.Release|Any CPU.ActiveCfg = Release|Any CPU
		{DC063920-91D1-49AD-B031-8804621615BE}.Release|Any CPU.Build.0 = Release|Any CPU
		{C957C144-4853-4903-B124-BB590C7FF9EF}.Debug|Any CPU.ActiveCfg = Debug|Any CPU
		{C957C144-4853-4903-B124-BB590C7FF9EF}.Debug|Any CPU.Build.0 = Debug|Any CPU
		{C957C144-4853-4903-B124-BB590C7FF9EF}.Release|Any CPU.ActiveCfg = Release|Any CPU
		{C957C144-4853-4903-B124-BB590C7FF9EF}.Release|Any CPU.Build.0 = Release|Any CPU
		{C0E79667-5848-4BFA-8B69-665BDC64E0FC}.Debug|Any CPU.ActiveCfg = Debug|Any CPU
		{C0E79667-5848-4BFA-8B69-665BDC64E0FC}.Debug|Any CPU.Build.0 = Debug|Any CPU
		{C0E79667-5848-4BFA-8B69-665BDC64E0FC}.Release|Any CPU.ActiveCfg = Release|Any CPU
		{C0E79667-5848-4BFA-8B69-665BDC64E0FC}.Release|Any CPU.Build.0 = Release|Any CPU
		{4793827A-9159-4311-82DB-BBA31899BA0B}.Debug|Any CPU.ActiveCfg = Debug|Any CPU
		{4793827A-9159-4311-82DB-BBA31899BA0B}.Debug|Any CPU.Build.0 = Debug|Any CPU
		{4793827A-9159-4311-82DB-BBA31899BA0B}.Release|Any CPU.ActiveCfg = Release|Any CPU
		{4793827A-9159-4311-82DB-BBA31899BA0B}.Release|Any CPU.Build.0 = Release|Any CPU
		{D1310A7A-5E10-46B0-A90F-71846C4621D8}.Debug|Any CPU.ActiveCfg = Debug|Any CPU
		{D1310A7A-5E10-46B0-A90F-71846C4621D8}.Debug|Any CPU.Build.0 = Debug|Any CPU
		{D1310A7A-5E10-46B0-A90F-71846C4621D8}.Release|Any CPU.ActiveCfg = Release|Any CPU
		{D1310A7A-5E10-46B0-A90F-71846C4621D8}.Release|Any CPU.Build.0 = Release|Any CPU
		{5DB85844-CED6-44EA-86F3-CE62BEF6CC72}.Debug|Any CPU.ActiveCfg = Debug|Any CPU
		{5DB85844-CED6-44EA-86F3-CE62BEF6CC72}.Debug|Any CPU.Build.0 = Debug|Any CPU
		{5DB85844-CED6-44EA-86F3-CE62BEF6CC72}.Release|Any CPU.ActiveCfg = Release|Any CPU
		{5DB85844-CED6-44EA-86F3-CE62BEF6CC72}.Release|Any CPU.Build.0 = Release|Any CPU
		{51D36155-229C-482B-85CB-2FBC52E72FB4}.Debug|Any CPU.ActiveCfg = Debug|Any CPU
		{51D36155-229C-482B-85CB-2FBC52E72FB4}.Debug|Any CPU.Build.0 = Debug|Any CPU
		{51D36155-229C-482B-85CB-2FBC52E72FB4}.Release|Any CPU.ActiveCfg = Release|Any CPU
		{51D36155-229C-482B-85CB-2FBC52E72FB4}.Release|Any CPU.Build.0 = Release|Any CPU
		{36426D3A-4AB4-460E-AA96-5811345CE644}.Debug|Any CPU.ActiveCfg = Debug|Any CPU
		{36426D3A-4AB4-460E-AA96-5811345CE644}.Debug|Any CPU.Build.0 = Debug|Any CPU
		{36426D3A-4AB4-460E-AA96-5811345CE644}.Release|Any CPU.ActiveCfg = Release|Any CPU
		{36426D3A-4AB4-460E-AA96-5811345CE644}.Release|Any CPU.Build.0 = Release|Any CPU
		{FBF7FAF5-044D-442B-9DD8-976B9C407B71}.Debug|Any CPU.ActiveCfg = Debug|Any CPU
		{FBF7FAF5-044D-442B-9DD8-976B9C407B71}.Debug|Any CPU.Build.0 = Debug|Any CPU
		{FBF7FAF5-044D-442B-9DD8-976B9C407B71}.Release|Any CPU.ActiveCfg = Release|Any CPU
		{FBF7FAF5-044D-442B-9DD8-976B9C407B71}.Release|Any CPU.Build.0 = Release|Any CPU
	EndGlobalSection
	GlobalSection(SolutionProperties) = preSolution
		HideSolutionNode = FALSE
	EndGlobalSection
	GlobalSection(NestedProjects) = preSolution
		{DC063920-91D1-49AD-B031-8804621615BE} = {C0BD8BE5-4FF2-4146-8ED6-17232B69BDBD}
		{C957C144-4853-4903-B124-BB590C7FF9EF} = {C0BD8BE5-4FF2-4146-8ED6-17232B69BDBD}
		{C0E79667-5848-4BFA-8B69-665BDC64E0FC} = {F3338AE2-32D4-4BCD-8B53-F446F4178CD3}
		{4793827A-9159-4311-82DB-BBA31899BA0B} = {F3338AE2-32D4-4BCD-8B53-F446F4178CD3}
		{DD071705-69F3-4FCB-98F1-FCDCF06C469F} = {B5C98D7F-38B2-4283-8354-9A7801B7DCCA}
		{BAAB46CE-F7CB-4324-91CE-D8C5C68C6B3D} = {B5C98D7F-38B2-4283-8354-9A7801B7DCCA}
		{2B377F4A-CC06-41DE-8364-8622A467C259} = {B5C98D7F-38B2-4283-8354-9A7801B7DCCA}
		{5DB85844-CED6-44EA-86F3-CE62BEF6CC72} = {F3338AE2-32D4-4BCD-8B53-F446F4178CD3}
		{51D36155-229C-482B-85CB-2FBC52E72FB4} = {F3338AE2-32D4-4BCD-8B53-F446F4178CD3}
	EndGlobalSection
	GlobalSection(ExtensibilityGlobals) = postSolution
		SolutionGuid = {2923EA11-93CA-4CD7-9100-4FE9296810C4}
	EndGlobalSection
EndGlobal
