
Microsoft Visual Studio Solution File, Format Version 12.00
# Visual Studio Version 16
VisualStudioVersion = 16.0.31005.135
MinimumVisualStudioVersion = 10.0.40219.1
Project("{9A19103F-16F7-4668-BE54-9A1E7A4F7556}") = "PetStore", "PetStore\PetStore.csproj", "{B3C9D1D3-7CD3-4F23-BDDC-74205B66AD25}"
EndProject
Project("{2150E333-8FDC-42A3-9474-1A3956D46DE8}") = "Solution Items", "Solution Items", "{1D61DA96-08B4-44AB-973C-146E70A3EFD3}"
	ProjectSection(SolutionItems) = preProject
		LazyStack.yaml = LazyStack.yaml
		LocalApis.json = LocalApis.json
		PetStore.yaml = PetStore.yaml
		README.md = README.md
		SAM_Review.yaml = SAM_Review.yaml
	EndProjectSection
EndProject
Project("{9A19103F-16F7-4668-BE54-9A1E7A4F7556}") = "PetStoreClientSDK", "PetStoreClientSDK\PetStoreClientSDK.csproj", "{7252C5E2-4AB5-448D-A812-2F2B43C03101}"
EndProject
Project("{9A19103F-16F7-4668-BE54-9A1E7A4F7556}") = "PetStoreSchema", "PetStoreSchema\PetStoreSchema.csproj", "{9AF85B90-DAAF-498E-AE32-37490693EEDB}"
EndProject
Project("{2150E333-8FDC-42A3-9474-1A3956D46DE8}") = "Lambdas", "Lambdas", "{F644F645-7C6C-47F2-B691-017DB5CCE07C}"
EndProject
Project("{9A19103F-16F7-4668-BE54-9A1E7A4F7556}") = "Pet", "Lambdas\Pet\Pet.csproj", "{E2A87EF5-F2C8-472A-89B1-74704CC65441}"
EndProject
Project("{9A19103F-16F7-4668-BE54-9A1E7A4F7556}") = "Order", "Lambdas\Order\Order.csproj", "{3BCABDB3-41C6-4B9D-B6AB-D36F2B15F90A}"
EndProject
Project("{2150E333-8FDC-42A3-9474-1A3956D46DE8}") = "Controllers", "Controllers", "{B6DBDBDB-5C40-433F-87FB-1C1993B7EA80}"
EndProject
Project("{9A19103F-16F7-4668-BE54-9A1E7A4F7556}") = "PetController", "Controllers\PetController\PetController.csproj", "{625C9F8C-888E-4C80-8490-97EE50121041}"
EndProject
Project("{9A19103F-16F7-4668-BE54-9A1E7A4F7556}") = "OrderController", "Controllers\OrderController\OrderController.csproj", "{9EC13FCD-4789-4935-AC0B-9F9ACFC0FFFC}"
EndProject
Project("{2150E333-8FDC-42A3-9474-1A3956D46DE8}") = "Stacks", "Stacks", "{FEEF7BAB-786C-476D-8398-793A713383FE}"
EndProject
Project("{2150E333-8FDC-42A3-9474-1A3956D46DE8}") = "Dev", "Dev", "{31AE020A-9D88-44D6-B14C-D3B605D4F447}"
	ProjectSection(SolutionItems) = preProject
		Stacks\Dev\aws-lambda-tools-defaults.json = Stacks\Dev\aws-lambda-tools-defaults.json
		Stacks\Dev\AwsSettings.json = Stacks\Dev\AwsSettings.json
		Stacks\Dev\serverless.template = Stacks\Dev\serverless.template
	EndProjectSection
EndProject
Project("{2150E333-8FDC-42A3-9474-1A3956D46DE8}") = "Test", "Test", "{3CEF6377-7547-4B54-A30B-51560BE41CD3}"
	ProjectSection(SolutionItems) = preProject
		Stacks\Test\serverless.template = Stacks\Test\serverless.template
	EndProjectSection
EndProject
Project("{2150E333-8FDC-42A3-9474-1A3956D46DE8}") = "Prod", "Prod", "{DC24C7D7-1E42-46BF-8F17-578FAEE55DA3}"
	ProjectSection(SolutionItems) = preProject
		Stacks\Prod\serverless.template = Stacks\Prod\serverless.template
	EndProjectSection
EndProject
Project("{9A19103F-16F7-4668-BE54-9A1E7A4F7556}") = "LazyStackAuth", "..\LazyStack\LazyStackAuth\LazyStackAuth.csproj", "{8C3AE9E9-CDFC-418B-924F-C85390DD5D9D}"
EndProject
Project("{9A19103F-16F7-4668-BE54-9A1E7A4F7556}") = "LazyStackDynamoDBRepo", "..\LazyStack\LazyStackDynamoDBRepo\LazyStackDynamoDBRepo.csproj", "{13B2FE73-1D37-41E3-BEEE-AD8A46CB56F3}"
EndProject
Project("{9A19103F-16F7-4668-BE54-9A1E7A4F7556}") = "PetStoreRepo", "PetStoreRepo\PetStoreRepo.csproj", "{D4DB0565-5B00-4044-B7A9-2A4AE80A6D82}"
EndProject
Project("{9A19103F-16F7-4668-BE54-9A1E7A4F7556}") = "OrderControllerImpl", "Controllers\OrderControllerImpl\OrderControllerImpl.csproj", "{42B63586-2F33-4A5D-B947-4A4EFDD87CB1}"
EndProject
Project("{9A19103F-16F7-4668-BE54-9A1E7A4F7556}") = "PetControllerImpl", "Controllers\PetControllerImpl\PetControllerImpl.csproj", "{398A6C63-F41C-4CE3-865A-DA23A75DCD17}"
EndProject
Project("{9A19103F-16F7-4668-BE54-9A1E7A4F7556}") = "PetStoreTests", "PetStoreTests\PetStoreTests.csproj", "{967C8D23-1384-4AD9-AA8B-55030DDCD052}"
EndProject
Project("{9A19103F-16F7-4668-BE54-9A1E7A4F7556}") = "PetStoreConsoleApp", "PetStoreConsoleApp\PetStoreConsoleApp.csproj", "{8DCE6EA2-9FAE-4351-B683-07E07CA1AFC5}"
EndProject
Global
	GlobalSection(SolutionConfigurationPlatforms) = preSolution
		Debug|Any CPU = Debug|Any CPU
		Release|Any CPU = Release|Any CPU
	EndGlobalSection
	GlobalSection(ProjectConfigurationPlatforms) = postSolution
		{B3C9D1D3-7CD3-4F23-BDDC-74205B66AD25}.Debug|Any CPU.ActiveCfg = Debug|Any CPU
		{B3C9D1D3-7CD3-4F23-BDDC-74205B66AD25}.Debug|Any CPU.Build.0 = Debug|Any CPU
		{B3C9D1D3-7CD3-4F23-BDDC-74205B66AD25}.Release|Any CPU.ActiveCfg = Release|Any CPU
		{B3C9D1D3-7CD3-4F23-BDDC-74205B66AD25}.Release|Any CPU.Build.0 = Release|Any CPU
		{7252C5E2-4AB5-448D-A812-2F2B43C03101}.Debug|Any CPU.ActiveCfg = Debug|Any CPU
		{7252C5E2-4AB5-448D-A812-2F2B43C03101}.Debug|Any CPU.Build.0 = Debug|Any CPU
		{7252C5E2-4AB5-448D-A812-2F2B43C03101}.Release|Any CPU.ActiveCfg = Release|Any CPU
		{7252C5E2-4AB5-448D-A812-2F2B43C03101}.Release|Any CPU.Build.0 = Release|Any CPU
		{9AF85B90-DAAF-498E-AE32-37490693EEDB}.Debug|Any CPU.ActiveCfg = Debug|Any CPU
		{9AF85B90-DAAF-498E-AE32-37490693EEDB}.Debug|Any CPU.Build.0 = Debug|Any CPU
		{9AF85B90-DAAF-498E-AE32-37490693EEDB}.Release|Any CPU.ActiveCfg = Release|Any CPU
		{9AF85B90-DAAF-498E-AE32-37490693EEDB}.Release|Any CPU.Build.0 = Release|Any CPU
		{E2A87EF5-F2C8-472A-89B1-74704CC65441}.Debug|Any CPU.ActiveCfg = Debug|Any CPU
		{E2A87EF5-F2C8-472A-89B1-74704CC65441}.Debug|Any CPU.Build.0 = Debug|Any CPU
		{E2A87EF5-F2C8-472A-89B1-74704CC65441}.Release|Any CPU.ActiveCfg = Release|Any CPU
		{E2A87EF5-F2C8-472A-89B1-74704CC65441}.Release|Any CPU.Build.0 = Release|Any CPU
		{3BCABDB3-41C6-4B9D-B6AB-D36F2B15F90A}.Debug|Any CPU.ActiveCfg = Debug|Any CPU
		{3BCABDB3-41C6-4B9D-B6AB-D36F2B15F90A}.Debug|Any CPU.Build.0 = Debug|Any CPU
		{3BCABDB3-41C6-4B9D-B6AB-D36F2B15F90A}.Release|Any CPU.ActiveCfg = Release|Any CPU
		{3BCABDB3-41C6-4B9D-B6AB-D36F2B15F90A}.Release|Any CPU.Build.0 = Release|Any CPU
		{625C9F8C-888E-4C80-8490-97EE50121041}.Debug|Any CPU.ActiveCfg = Debug|Any CPU
		{625C9F8C-888E-4C80-8490-97EE50121041}.Debug|Any CPU.Build.0 = Debug|Any CPU
		{625C9F8C-888E-4C80-8490-97EE50121041}.Release|Any CPU.ActiveCfg = Release|Any CPU
		{625C9F8C-888E-4C80-8490-97EE50121041}.Release|Any CPU.Build.0 = Release|Any CPU
		{9EC13FCD-4789-4935-AC0B-9F9ACFC0FFFC}.Debug|Any CPU.ActiveCfg = Debug|Any CPU
		{9EC13FCD-4789-4935-AC0B-9F9ACFC0FFFC}.Debug|Any CPU.Build.0 = Debug|Any CPU
		{9EC13FCD-4789-4935-AC0B-9F9ACFC0FFFC}.Release|Any CPU.ActiveCfg = Release|Any CPU
		{9EC13FCD-4789-4935-AC0B-9F9ACFC0FFFC}.Release|Any CPU.Build.0 = Release|Any CPU
		{8C3AE9E9-CDFC-418B-924F-C85390DD5D9D}.Debug|Any CPU.ActiveCfg = Debug|Any CPU
		{8C3AE9E9-CDFC-418B-924F-C85390DD5D9D}.Debug|Any CPU.Build.0 = Debug|Any CPU
		{8C3AE9E9-CDFC-418B-924F-C85390DD5D9D}.Release|Any CPU.ActiveCfg = Release|Any CPU
		{8C3AE9E9-CDFC-418B-924F-C85390DD5D9D}.Release|Any CPU.Build.0 = Release|Any CPU
		{13B2FE73-1D37-41E3-BEEE-AD8A46CB56F3}.Debug|Any CPU.ActiveCfg = Debug|Any CPU
		{13B2FE73-1D37-41E3-BEEE-AD8A46CB56F3}.Debug|Any CPU.Build.0 = Debug|Any CPU
		{13B2FE73-1D37-41E3-BEEE-AD8A46CB56F3}.Release|Any CPU.ActiveCfg = Release|Any CPU
		{13B2FE73-1D37-41E3-BEEE-AD8A46CB56F3}.Release|Any CPU.Build.0 = Release|Any CPU
		{D4DB0565-5B00-4044-B7A9-2A4AE80A6D82}.Debug|Any CPU.ActiveCfg = Debug|Any CPU
		{D4DB0565-5B00-4044-B7A9-2A4AE80A6D82}.Debug|Any CPU.Build.0 = Debug|Any CPU
		{D4DB0565-5B00-4044-B7A9-2A4AE80A6D82}.Release|Any CPU.ActiveCfg = Release|Any CPU
		{D4DB0565-5B00-4044-B7A9-2A4AE80A6D82}.Release|Any CPU.Build.0 = Release|Any CPU
		{42B63586-2F33-4A5D-B947-4A4EFDD87CB1}.Debug|Any CPU.ActiveCfg = Debug|Any CPU
		{42B63586-2F33-4A5D-B947-4A4EFDD87CB1}.Debug|Any CPU.Build.0 = Debug|Any CPU
		{42B63586-2F33-4A5D-B947-4A4EFDD87CB1}.Release|Any CPU.ActiveCfg = Release|Any CPU
		{42B63586-2F33-4A5D-B947-4A4EFDD87CB1}.Release|Any CPU.Build.0 = Release|Any CPU
		{398A6C63-F41C-4CE3-865A-DA23A75DCD17}.Debug|Any CPU.ActiveCfg = Debug|Any CPU
		{398A6C63-F41C-4CE3-865A-DA23A75DCD17}.Debug|Any CPU.Build.0 = Debug|Any CPU
		{398A6C63-F41C-4CE3-865A-DA23A75DCD17}.Release|Any CPU.ActiveCfg = Release|Any CPU
		{398A6C63-F41C-4CE3-865A-DA23A75DCD17}.Release|Any CPU.Build.0 = Release|Any CPU
		{967C8D23-1384-4AD9-AA8B-55030DDCD052}.Debug|Any CPU.ActiveCfg = Debug|Any CPU
		{967C8D23-1384-4AD9-AA8B-55030DDCD052}.Debug|Any CPU.Build.0 = Debug|Any CPU
		{967C8D23-1384-4AD9-AA8B-55030DDCD052}.Release|Any CPU.ActiveCfg = Release|Any CPU
		{967C8D23-1384-4AD9-AA8B-55030DDCD052}.Release|Any CPU.Build.0 = Release|Any CPU
		{8DCE6EA2-9FAE-4351-B683-07E07CA1AFC5}.Debug|Any CPU.ActiveCfg = Debug|Any CPU
		{8DCE6EA2-9FAE-4351-B683-07E07CA1AFC5}.Debug|Any CPU.Build.0 = Debug|Any CPU
		{8DCE6EA2-9FAE-4351-B683-07E07CA1AFC5}.Release|Any CPU.ActiveCfg = Release|Any CPU
		{8DCE6EA2-9FAE-4351-B683-07E07CA1AFC5}.Release|Any CPU.Build.0 = Release|Any CPU
	EndGlobalSection
	GlobalSection(SolutionProperties) = preSolution
		HideSolutionNode = FALSE
	EndGlobalSection
	GlobalSection(NestedProjects) = preSolution
		{E2A87EF5-F2C8-472A-89B1-74704CC65441} = {F644F645-7C6C-47F2-B691-017DB5CCE07C}
		{3BCABDB3-41C6-4B9D-B6AB-D36F2B15F90A} = {F644F645-7C6C-47F2-B691-017DB5CCE07C}
		{625C9F8C-888E-4C80-8490-97EE50121041} = {B6DBDBDB-5C40-433F-87FB-1C1993B7EA80}
		{9EC13FCD-4789-4935-AC0B-9F9ACFC0FFFC} = {B6DBDBDB-5C40-433F-87FB-1C1993B7EA80}
		{31AE020A-9D88-44D6-B14C-D3B605D4F447} = {FEEF7BAB-786C-476D-8398-793A713383FE}
		{3CEF6377-7547-4B54-A30B-51560BE41CD3} = {FEEF7BAB-786C-476D-8398-793A713383FE}
		{DC24C7D7-1E42-46BF-8F17-578FAEE55DA3} = {FEEF7BAB-786C-476D-8398-793A713383FE}
		{42B63586-2F33-4A5D-B947-4A4EFDD87CB1} = {B6DBDBDB-5C40-433F-87FB-1C1993B7EA80}
		{398A6C63-F41C-4CE3-865A-DA23A75DCD17} = {B6DBDBDB-5C40-433F-87FB-1C1993B7EA80}
	EndGlobalSection
	GlobalSection(ExtensibilityGlobals) = postSolution
		SolutionGuid = {A785A8A5-5161-4965-9C6E-B36ED08BF892}
	EndGlobalSection
EndGlobal
